
Microsoft Visual Studio Solution File, Format Version 12.00
# Visual Studio Version 17
VisualStudioVersion = 17.9.34728.123
MinimumVisualStudioVersion = 10.0.40219.1
Project("{FAE04EC0-301F-11D3-BF4B-00C04F79EFBC}") = "MyNance.Server", "MyNance.Server\MyNance.Server.csproj", "{AFB34BC5-209E-492B-9F1F-A8804964ADCD}"
EndProject
Project("{54A90642-561A-4BB1-A94E-469ADEE60C69}") = "mynance.client", "mynance.client\mynance.client.esproj", "{A34FE311-BE5F-456F-87F2-959D0FF710C1}"
EndProject
Global
	GlobalSection(SolutionConfigurationPlatforms) = preSolution
		Debug|Any CPU = Debug|Any CPU
		Release|Any CPU = Release|Any CPU
	EndGlobalSection
	GlobalSection(ProjectConfigurationPlatforms) = postSolution
		{AFB34BC5-209E-492B-9F1F-A8804964ADCD}.Debug|Any CPU.ActiveCfg = Debug|Any CPU
		{AFB34BC5-209E-492B-9F1F-A8804964ADCD}.Debug|Any CPU.Build.0 = Debug|Any CPU
		{AFB34BC5-209E-492B-9F1F-A8804964ADCD}.Release|Any CPU.ActiveCfg = Release|Any CPU
		{AFB34BC5-209E-492B-9F1F-A8804964ADCD}.Release|Any CPU.Build.0 = Release|Any CPU
		{A34FE311-BE5F-456F-87F2-959D0FF710C1}.Debug|Any CPU.ActiveCfg = Debug|Any CPU
		{A34FE311-BE5F-456F-87F2-959D0FF710C1}.Debug|Any CPU.Build.0 = Debug|Any CPU
		{A34FE311-BE5F-456F-87F2-959D0FF710C1}.Debug|Any CPU.Deploy.0 = Debug|Any CPU
		{A34FE311-BE5F-456F-87F2-959D0FF710C1}.Release|Any CPU.ActiveCfg = Release|Any CPU
		{A34FE311-BE5F-456F-87F2-959D0FF710C1}.Release|Any CPU.Build.0 = Release|Any CPU
		{A34FE311-BE5F-456F-87F2-959D0FF710C1}.Release|Any CPU.Deploy.0 = Release|Any CPU
	EndGlobalSection
	GlobalSection(SolutionProperties) = preSolution
		HideSolutionNode = FALSE
	EndGlobalSection
	GlobalSection(ExtensibilityGlobals) = postSolution
		SolutionGuid = {ED09A314-EA43-4BAC-BA3E-7F6F08475AEE}
	EndGlobalSection
EndGlobal
